
Microsoft Visual Studio Solution File, Format Version 12.00
# Visual Studio Version 17
VisualStudioVersion = 17.14.36401.2 d17.14
MinimumVisualStudioVersion = 10.0.40219.1
Project("{FAE04EC0-301F-11D3-BF4B-00C04F79EFBC}") = "MauiAppMinhasCompras", "MauiAppMinhasCompras\MauiAppMinhasCompras.csproj", "{181C7E45-09F3-4AF4-B12F-86B561980BEC}"
EndProject
Global
	GlobalSection(SolutionConfigurationPlatforms) = preSolution
		Debug|Any CPU = Debug|Any CPU
		Release|Any CPU = Release|Any CPU
	EndGlobalSection
	GlobalSection(ProjectConfigurationPlatforms) = postSolution
		{181C7E45-09F3-4AF4-B12F-86B561980BEC}.Debug|Any CPU.ActiveCfg = Debug|Any CPU
		{181C7E45-09F3-4AF4-B12F-86B561980BEC}.Debug|Any CPU.Build.0 = Debug|Any CPU
		{181C7E45-09F3-4AF4-B12F-86B561980BEC}.Debug|Any CPU.Deploy.0 = Debug|Any CPU
		{181C7E45-09F3-4AF4-B12F-86B561980BEC}.Release|Any CPU.ActiveCfg = Release|Any CPU
		{181C7E45-09F3-4AF4-B12F-86B561980BEC}.Release|Any CPU.Build.0 = Release|Any CPU
		{181C7E45-09F3-4AF4-B12F-86B561980BEC}.Release|Any CPU.Deploy.0 = Release|Any CPU
	EndGlobalSection
	GlobalSection(SolutionProperties) = preSolution
		HideSolutionNode = FALSE
	EndGlobalSection
	GlobalSection(ExtensibilityGlobals) = postSolution
		SolutionGuid = {6804FAD4-A4F3-41E0-A875-0B6F0C519CB7}
	EndGlobalSection
EndGlobal
